
Microsoft Visual Studio Solution File, Format Version 12.00
# Visual Studio Version 16
VisualStudioVersion = 16.0.30114.105
MinimumVisualStudioVersion = 10.0.40219.1
Project("{FAE04EC0-301F-11D3-BF4B-00C04F79EFBC}") = "Programming Project 5", "Programming Project 5\Programming Project 5.csproj", "{C02B3D4C-5D8E-402F-99BA-E47F6C569902}"
EndProject
Global
	GlobalSection(SolutionConfigurationPlatforms) = preSolution
		Debug|Any CPU = Debug|Any CPU
		Release|Any CPU = Release|Any CPU
	EndGlobalSection
	GlobalSection(ProjectConfigurationPlatforms) = postSolution
		{C02B3D4C-5D8E-402F-99BA-E47F6C569902}.Debug|Any CPU.ActiveCfg = Debug|Any CPU
		{C02B3D4C-5D8E-402F-99BA-E47F6C569902}.Debug|Any CPU.Build.0 = Debug|Any CPU
		{C02B3D4C-5D8E-402F-99BA-E47F6C569902}.Release|Any CPU.ActiveCfg = Release|Any CPU
		{C02B3D4C-5D8E-402F-99BA-E47F6C569902}.Release|Any CPU.Build.0 = Release|Any CPU
	EndGlobalSection
	GlobalSection(SolutionProperties) = preSolution
		HideSolutionNode = FALSE
	EndGlobalSection
	GlobalSection(ExtensibilityGlobals) = postSolution
		SolutionGuid = {5F2BFADE-50CA-415E-BBD7-6F468FA6711A}
	EndGlobalSection
EndGlobal
