
Microsoft Visual Studio Solution File, Format Version 12.00
# Visual Studio Version 16
VisualStudioVersion = 16.0.33529.622
MinimumVisualStudioVersion = 10.0.40219.1
Project("{FAE04EC0-301F-11D3-BF4B-00C04F79EFBC}") = "RESTAPITesting", "RESTAPITesting.csproj", "{2E51D705-06D0-49BE-8EE1-504689A0298A}"
EndProject
Global
	GlobalSection(SolutionConfigurationPlatforms) = preSolution
		Debug|Any CPU = Debug|Any CPU
		Release|Any CPU = Release|Any CPU
	EndGlobalSection
	GlobalSection(ProjectConfigurationPlatforms) = postSolution
		{2E51D705-06D0-49BE-8EE1-504689A0298A}.Debug|Any CPU.ActiveCfg = Debug|Any CPU
		{2E51D705-06D0-49BE-8EE1-504689A0298A}.Debug|Any CPU.Build.0 = Debug|Any CPU
		{2E51D705-06D0-49BE-8EE1-504689A0298A}.Release|Any CPU.ActiveCfg = Release|Any CPU
		{2E51D705-06D0-49BE-8EE1-504689A0298A}.Release|Any CPU.Build.0 = Release|Any CPU
	EndGlobalSection
	GlobalSection(SolutionProperties) = preSolution
		HideSolutionNode = FALSE
	EndGlobalSection
	GlobalSection(ExtensibilityGlobals) = postSolution
		SolutionGuid = {3B0B4ED3-1285-446E-8452-69322DD0203C}
	EndGlobalSection
EndGlobal
