
Microsoft Visual Studio Solution File, Format Version 12.00
# Visual Studio Version 16
VisualStudioVersion = 16.0.30114.105
MinimumVisualStudioVersion = 10.0.40219.1
Project("{FAE04EC0-301F-11D3-BF4B-00C04F79EFBC}") = "StopWatch", "Stopwatch\StopWatch.csproj", "{47A41DD5-4A37-4168-823B-2ED4D32A7C4C}"
EndProject
Global
	GlobalSection(SolutionConfigurationPlatforms) = preSolution
		Debug|Any CPU = Debug|Any CPU
		Release|Any CPU = Release|Any CPU
	EndGlobalSection
	GlobalSection(ProjectConfigurationPlatforms) = postSolution
		{47A41DD5-4A37-4168-823B-2ED4D32A7C4C}.Debug|Any CPU.ActiveCfg = Debug|Any CPU
		{47A41DD5-4A37-4168-823B-2ED4D32A7C4C}.Debug|Any CPU.Build.0 = Debug|Any CPU
		{47A41DD5-4A37-4168-823B-2ED4D32A7C4C}.Release|Any CPU.ActiveCfg = Release|Any CPU
		{47A41DD5-4A37-4168-823B-2ED4D32A7C4C}.Release|Any CPU.Build.0 = Release|Any CPU
	EndGlobalSection
	GlobalSection(SolutionProperties) = preSolution
		HideSolutionNode = FALSE
	EndGlobalSection
	GlobalSection(ExtensibilityGlobals) = postSolution
		SolutionGuid = {9B32EFE7-39FB-4D7C-9085-EA337325CB79}
	EndGlobalSection
EndGlobal
