
Microsoft Visual Studio Solution File, Format Version 12.00
# Visual Studio Version 16
VisualStudioVersion = 16.0.30114.105
MinimumVisualStudioVersion = 10.0.40219.1
Project("{FAE04EC0-301F-11D3-BF4B-00C04F79EFBC}") = "InventoryManagement", "InventoryManagement\InventoryManagement.csproj", "{9030098C-0A59-4D21-A43F-2D5F592E69B0}"
EndProject
Global
	GlobalSection(SolutionConfigurationPlatforms) = preSolution
		Debug|Any CPU = Debug|Any CPU
		Release|Any CPU = Release|Any CPU
	EndGlobalSection
	GlobalSection(ProjectConfigurationPlatforms) = postSolution
		{9030098C-0A59-4D21-A43F-2D5F592E69B0}.Debug|Any CPU.ActiveCfg = Debug|Any CPU
		{9030098C-0A59-4D21-A43F-2D5F592E69B0}.Debug|Any CPU.Build.0 = Debug|Any CPU
		{9030098C-0A59-4D21-A43F-2D5F592E69B0}.Release|Any CPU.ActiveCfg = Release|Any CPU
		{9030098C-0A59-4D21-A43F-2D5F592E69B0}.Release|Any CPU.Build.0 = Release|Any CPU
	EndGlobalSection
	GlobalSection(SolutionProperties) = preSolution
		HideSolutionNode = FALSE
	EndGlobalSection
	GlobalSection(ExtensibilityGlobals) = postSolution
		SolutionGuid = {1093A343-120E-404E-ADAF-9216D4054C02}
	EndGlobalSection
EndGlobal
