
Microsoft Visual Studio Solution File, Format Version 12.00
# Visual Studio Version 16
VisualStudioVersion = 16.0.33529.622
MinimumVisualStudioVersion = 10.0.40219.1
Project("{FAE04EC0-301F-11D3-BF4B-00C04F79EFBC}") = "Financial Management App", "Financial Management App.csproj", "{80B584A6-3A14-453D-B637-1A4A1F689606}"
EndProject
Global
	GlobalSection(SolutionConfigurationPlatforms) = preSolution
		Debug|Any CPU = Debug|Any CPU
		Release|Any CPU = Release|Any CPU
	EndGlobalSection
	GlobalSection(ProjectConfigurationPlatforms) = postSolution
		{80B584A6-3A14-453D-B637-1A4A1F689606}.Debug|Any CPU.ActiveCfg = Debug|Any CPU
		{80B584A6-3A14-453D-B637-1A4A1F689606}.Debug|Any CPU.Build.0 = Debug|Any CPU
		{80B584A6-3A14-453D-B637-1A4A1F689606}.Release|Any CPU.ActiveCfg = Release|Any CPU
		{80B584A6-3A14-453D-B637-1A4A1F689606}.Release|Any CPU.Build.0 = Release|Any CPU
	EndGlobalSection
	GlobalSection(SolutionProperties) = preSolution
		HideSolutionNode = FALSE
	EndGlobalSection
	GlobalSection(ExtensibilityGlobals) = postSolution
		SolutionGuid = {CD75FC6B-F4C9-4C2A-8658-44494EAECCCA}
	EndGlobalSection
EndGlobal
